
Microsoft Visual Studio Solution File, Format Version 12.00
# Visual Studio Version 17
VisualStudioVersion = 17.5.002.0
MinimumVisualStudioVersion = 10.0.40219.1
Project("{2150E333-8FDC-42A3-9474-1A3956D46DE8}") = "final", "final", "{0974E421-2D6A-42DD-998B-C31D930D5B2D}"
EndProject
Project("{9A19103F-16F7-4668-BE54-9A1E7A4F7556}") = "FinalProject", "final\FinalProject\FinalProject.csproj", "{0DAC6B02-7CC6-4D13-A045-12FB8AE69A9A}"
EndProject
Project("{9A19103F-16F7-4668-BE54-9A1E7A4F7556}") = "Foundation1", "final\Foundation1\Foundation1.csproj", "{8C20FEF4-B9CC-49F5-8FD3-CDDB7895C81F}"
EndProject
Project("{9A19103F-16F7-4668-BE54-9A1E7A4F7556}") = "Foundation2", "final\Foundation2\Foundation2.csproj", "{F310B54B-CA28-46C2-ACBB-0EF0554349FA}"
EndProject
Project("{9A19103F-16F7-4668-BE54-9A1E7A4F7556}") = "Foundation3", "final\Foundation3\Foundation3.csproj", "{550CFA78-3848-437D-BB22-3AD1C207ABB8}"
EndProject
Project("{9A19103F-16F7-4668-BE54-9A1E7A4F7556}") = "Foundation4", "final\Foundation4\Foundation4.csproj", "{23D27089-53D3-48EA-91D2-956A90240047}"
EndProject
Project("{2150E333-8FDC-42A3-9474-1A3956D46DE8}") = "prepare", "prepare", "{63C1F640-0C83-44A2-9A14-CC4CDDE82F64}"
EndProject
Project("{9A19103F-16F7-4668-BE54-9A1E7A4F7556}") = "Learning02", "prepare\Learning02\Learning02.csproj", "{A4261B7B-7505-4137-BEF3-80C5E7947155}"
EndProject
Project("{9A19103F-16F7-4668-BE54-9A1E7A4F7556}") = "Learning03", "prepare\Learning03\Learning03.csproj", "{71C2F074-6985-4775-89EE-0518B50AE984}"
EndProject
Project("{9A19103F-16F7-4668-BE54-9A1E7A4F7556}") = "Learning04", "prepare\Learning04\Learning04.csproj", "{9E8C7CFF-A6E7-478D-B894-3B699E880BF0}"
EndProject
Project("{9A19103F-16F7-4668-BE54-9A1E7A4F7556}") = "Learning05", "prepare\Learning05\Learning05.csproj", "{8A03B018-6DD0-4CA5-9388-41BE85DAC6C4}"
EndProject
Project("{2150E333-8FDC-42A3-9474-1A3956D46DE8}") = "prove", "prove", "{A0A56F56-CCB7-4339-AE23-FF05CDAE2820}"
EndProject
Project("{9A19103F-16F7-4668-BE54-9A1E7A4F7556}") = "Develop02", "prove\Develop02\Develop02.csproj", "{075105D6-DDB1-441B-95E5-393D1E9C2CAD}"
EndProject
Project("{9A19103F-16F7-4668-BE54-9A1E7A4F7556}") = "Develop03", "prove\Develop03\Develop03.csproj", "{39F551A6-CC58-48BD-A90C-9779297FBBE3}"
EndProject
Project("{9A19103F-16F7-4668-BE54-9A1E7A4F7556}") = "Develop04", "prove\Develop04\Develop04.csproj", "{5F501521-B77D-4F89-9CF9-39AA9459FC26}"
EndProject
Project("{9A19103F-16F7-4668-BE54-9A1E7A4F7556}") = "Develop05", "prove\Develop05\Develop05.csproj", "{68B2063E-99D7-4D1C-911D-D26D1606B356}"
EndProject
Project("{2150E333-8FDC-42A3-9474-1A3956D46DE8}") = "sandbox", "sandbox", "{FF7F043E-5473-4877-A0E2-EDED8EA5B2D4}"
EndProject
Project("{9A19103F-16F7-4668-BE54-9A1E7A4F7556}") = "Sandbox", "sandbox\Sandbox\Sandbox.csproj", "{88997153-DFAC-4D53-BC8F-2A89A3E96F24}"
EndProject
Global
	GlobalSection(SolutionConfigurationPlatforms) = preSolution
		Debug|Any CPU = Debug|Any CPU
		Release|Any CPU = Release|Any CPU
	EndGlobalSection
	GlobalSection(ProjectConfigurationPlatforms) = postSolution
		{0DAC6B02-7CC6-4D13-A045-12FB8AE69A9A}.Debug|Any CPU.ActiveCfg = Debug|Any CPU
		{0DAC6B02-7CC6-4D13-A045-12FB8AE69A9A}.Debug|Any CPU.Build.0 = Debug|Any CPU
		{0DAC6B02-7CC6-4D13-A045-12FB8AE69A9A}.Release|Any CPU.ActiveCfg = Release|Any CPU
		{0DAC6B02-7CC6-4D13-A045-12FB8AE69A9A}.Release|Any CPU.Build.0 = Release|Any CPU
		{8C20FEF4-B9CC-49F5-8FD3-CDDB7895C81F}.Debug|Any CPU.ActiveCfg = Debug|Any CPU
		{8C20FEF4-B9CC-49F5-8FD3-CDDB7895C81F}.Debug|Any CPU.Build.0 = Debug|Any CPU
		{8C20FEF4-B9CC-49F5-8FD3-CDDB7895C81F}.Release|Any CPU.ActiveCfg = Release|Any CPU
		{8C20FEF4-B9CC-49F5-8FD3-CDDB7895C81F}.Release|Any CPU.Build.0 = Release|Any CPU
		{F310B54B-CA28-46C2-ACBB-0EF0554349FA}.Debug|Any CPU.ActiveCfg = Debug|Any CPU
		{F310B54B-CA28-46C2-ACBB-0EF0554349FA}.Debug|Any CPU.Build.0 = Debug|Any CPU
		{F310B54B-CA28-46C2-ACBB-0EF0554349FA}.Release|Any CPU.ActiveCfg = Release|Any CPU
		{F310B54B-CA28-46C2-ACBB-0EF0554349FA}.Release|Any CPU.Build.0 = Release|Any CPU
		{550CFA78-3848-437D-BB22-3AD1C207ABB8}.Debug|Any CPU.ActiveCfg = Debug|Any CPU
		{550CFA78-3848-437D-BB22-3AD1C207ABB8}.Debug|Any CPU.Build.0 = Debug|Any CPU
		{550CFA78-3848-437D-BB22-3AD1C207ABB8}.Release|Any CPU.ActiveCfg = Release|Any CPU
		{550CFA78-3848-437D-BB22-3AD1C207ABB8}.Release|Any CPU.Build.0 = Release|Any CPU
		{23D27089-53D3-48EA-91D2-956A90240047}.Debug|Any CPU.ActiveCfg = Debug|Any CPU
		{23D27089-53D3-48EA-91D2-956A90240047}.Debug|Any CPU.Build.0 = Debug|Any CPU
		{23D27089-53D3-48EA-91D2-956A90240047}.Release|Any CPU.ActiveCfg = Release|Any CPU
		{23D27089-53D3-48EA-91D2-956A90240047}.Release|Any CPU.Build.0 = Release|Any CPU
		{A4261B7B-7505-4137-BEF3-80C5E7947155}.Debug|Any CPU.ActiveCfg = Debug|Any CPU
		{A4261B7B-7505-4137-BEF3-80C5E7947155}.Debug|Any CPU.Build.0 = Debug|Any CPU
		{A4261B7B-7505-4137-BEF3-80C5E7947155}.Release|Any CPU.ActiveCfg = Release|Any CPU
		{A4261B7B-7505-4137-BEF3-80C5E7947155}.Release|Any CPU.Build.0 = Release|Any CPU
		{71C2F074-6985-4775-89EE-0518B50AE984}.Debug|Any CPU.ActiveCfg = Debug|Any CPU
		{71C2F074-6985-4775-89EE-0518B50AE984}.Debug|Any CPU.Build.0 = Debug|Any CPU
		{71C2F074-6985-4775-89EE-0518B50AE984}.Release|Any CPU.ActiveCfg = Release|Any CPU
		{71C2F074-6985-4775-89EE-0518B50AE984}.Release|Any CPU.Build.0 = Release|Any CPU
		{9E8C7CFF-A6E7-478D-B894-3B699E880BF0}.Debug|Any CPU.ActiveCfg = Debug|Any CPU
		{9E8C7CFF-A6E7-478D-B894-3B699E880BF0}.Debug|Any CPU.Build.0 = Debug|Any CPU
		{9E8C7CFF-A6E7-478D-B894-3B699E880BF0}.Release|Any CPU.ActiveCfg = Release|Any CPU
		{9E8C7CFF-A6E7-478D-B894-3B699E880BF0}.Release|Any CPU.Build.0 = Release|Any CPU
		{8A03B018-6DD0-4CA5-9388-41BE85DAC6C4}.Debug|Any CPU.ActiveCfg = Debug|Any CPU
		{8A03B018-6DD0-4CA5-9388-41BE85DAC6C4}.Debug|Any CPU.Build.0 = Debug|Any CPU
		{8A03B018-6DD0-4CA5-9388-41BE85DAC6C4}.Release|Any CPU.ActiveCfg = Release|Any CPU
		{8A03B018-6DD0-4CA5-9388-41BE85DAC6C4}.Release|Any CPU.Build.0 = Release|Any CPU
		{075105D6-DDB1-441B-95E5-393D1E9C2CAD}.Debug|Any CPU.ActiveCfg = Debug|Any CPU
		{075105D6-DDB1-441B-95E5-393D1E9C2CAD}.Debug|Any CPU.Build.0 = Debug|Any CPU
		{075105D6-DDB1-441B-95E5-393D1E9C2CAD}.Release|Any CPU.ActiveCfg = Release|Any CPU
		{075105D6-DDB1-441B-95E5-393D1E9C2CAD}.Release|Any CPU.Build.0 = Release|Any CPU
		{39F551A6-CC58-48BD-A90C-9779297FBBE3}.Debug|Any CPU.ActiveCfg = Debug|Any CPU
		{39F551A6-CC58-48BD-A90C-9779297FBBE3}.Debug|Any CPU.Build.0 = Debug|Any CPU
		{39F551A6-CC58-48BD-A90C-9779297FBBE3}.Release|Any CPU.ActiveCfg = Release|Any CPU
		{39F551A6-CC58-48BD-A90C-9779297FBBE3}.Release|Any CPU.Build.0 = Release|Any CPU
		{5F501521-B77D-4F89-9CF9-39AA9459FC26}.Debug|Any CPU.ActiveCfg = Debug|Any CPU
		{5F501521-B77D-4F89-9CF9-39AA9459FC26}.Debug|Any CPU.Build.0 = Debug|Any CPU
		{5F501521-B77D-4F89-9CF9-39AA9459FC26}.Release|Any CPU.ActiveCfg = Release|Any CPU
		{5F501521-B77D-4F89-9CF9-39AA9459FC26}.Release|Any CPU.Build.0 = Release|Any CPU
		{68B2063E-99D7-4D1C-911D-D26D1606B356}.Debug|Any CPU.ActiveCfg = Debug|Any CPU
		{68B2063E-99D7-4D1C-911D-D26D1606B356}.Debug|Any CPU.Build.0 = Debug|Any CPU
		{68B2063E-99D7-4D1C-911D-D26D1606B356}.Release|Any CPU.ActiveCfg = Release|Any CPU
		{68B2063E-99D7-4D1C-911D-D26D1606B356}.Release|Any CPU.Build.0 = Release|Any CPU
		{88997153-DFAC-4D53-BC8F-2A89A3E96F24}.Debug|Any CPU.ActiveCfg = Debug|Any CPU
		{88997153-DFAC-4D53-BC8F-2A89A3E96F24}.Debug|Any CPU.Build.0 = Debug|Any CPU
		{88997153-DFAC-4D53-BC8F-2A89A3E96F24}.Release|Any CPU.ActiveCfg = Release|Any CPU
		{88997153-DFAC-4D53-BC8F-2A89A3E96F24}.Release|Any CPU.Build.0 = Release|Any CPU
	EndGlobalSection
	GlobalSection(SolutionProperties) = preSolution
		HideSolutionNode = FALSE
	EndGlobalSection
	GlobalSection(NestedProjects) = preSolution
		{0DAC6B02-7CC6-4D13-A045-12FB8AE69A9A} = {0974E421-2D6A-42DD-998B-C31D930D5B2D}
		{8C20FEF4-B9CC-49F5-8FD3-CDDB7895C81F} = {0974E421-2D6A-42DD-998B-C31D930D5B2D}
		{F310B54B-CA28-46C2-ACBB-0EF0554349FA} = {0974E421-2D6A-42DD-998B-C31D930D5B2D}
		{550CFA78-3848-437D-BB22-3AD1C207ABB8} = {0974E421-2D6A-42DD-998B-C31D930D5B2D}
		{23D27089-53D3-48EA-91D2-956A90240047} = {0974E421-2D6A-42DD-998B-C31D930D5B2D}
		{A4261B7B-7505-4137-BEF3-80C5E7947155} = {63C1F640-0C83-44A2-9A14-CC4CDDE82F64}
		{71C2F074-6985-4775-89EE-0518B50AE984} = {63C1F640-0C83-44A2-9A14-CC4CDDE82F64}
		{9E8C7CFF-A6E7-478D-B894-3B699E880BF0} = {63C1F640-0C83-44A2-9A14-CC4CDDE82F64}
		{8A03B018-6DD0-4CA5-9388-41BE85DAC6C4} = {63C1F640-0C83-44A2-9A14-CC4CDDE82F64}
		{075105D6-DDB1-441B-95E5-393D1E9C2CAD} = {A0A56F56-CCB7-4339-AE23-FF05CDAE2820}
		{39F551A6-CC58-48BD-A90C-9779297FBBE3} = {A0A56F56-CCB7-4339-AE23-FF05CDAE2820}
		{5F501521-B77D-4F89-9CF9-39AA9459FC26} = {A0A56F56-CCB7-4339-AE23-FF05CDAE2820}
		{68B2063E-99D7-4D1C-911D-D26D1606B356} = {A0A56F56-CCB7-4339-AE23-FF05CDAE2820}
		{88997153-DFAC-4D53-BC8F-2A89A3E96F24} = {FF7F043E-5473-4877-A0E2-EDED8EA5B2D4}
	EndGlobalSection
	GlobalSection(ExtensibilityGlobals) = postSolution
		SolutionGuid = {FF0CBCB9-1CE2-444E-AC77-F52EB2695587}
	EndGlobalSection
EndGlobal
